
Microsoft Visual Studio Solution File, Format Version 12.00
# Visual Studio 15
VisualStudioVersion = 15.0.26430.12
MinimumVisualStudioVersion = 10.0.40219.1
Project("{FAE04EC0-301F-11D3-BF4B-00C04F79EFBC}") = "Testing", "Testing\Testing.csproj", "{19CB2262-A29F-4D96-8EF1-C8422438029B}"
EndProject
Project("{FAE04EC0-301F-11D3-BF4B-00C04F79EFBC}") = "MovieShopWebApi", "MovieShopWebApi\MovieShopWebApi.csproj", "{104243A9-2B04-4540-8646-FD6864B77BC3}"
EndProject
Global
	GlobalSection(SolutionConfigurationPlatforms) = preSolution
		Debug|Any CPU = Debug|Any CPU
		Release|Any CPU = Release|Any CPU
	EndGlobalSection
	GlobalSection(ProjectConfigurationPlatforms) = postSolution
		{19CB2262-A29F-4D96-8EF1-C8422438029B}.Debug|Any CPU.ActiveCfg = Debug|Any CPU
		{19CB2262-A29F-4D96-8EF1-C8422438029B}.Debug|Any CPU.Build.0 = Debug|Any CPU
		{19CB2262-A29F-4D96-8EF1-C8422438029B}.Release|Any CPU.ActiveCfg = Release|Any CPU
		{19CB2262-A29F-4D96-8EF1-C8422438029B}.Release|Any CPU.Build.0 = Release|Any CPU
		{104243A9-2B04-4540-8646-FD6864B77BC3}.Debug|Any CPU.ActiveCfg = Debug|Any CPU
		{104243A9-2B04-4540-8646-FD6864B77BC3}.Debug|Any CPU.Build.0 = Debug|Any CPU
		{104243A9-2B04-4540-8646-FD6864B77BC3}.Release|Any CPU.ActiveCfg = Release|Any CPU
		{104243A9-2B04-4540-8646-FD6864B77BC3}.Release|Any CPU.Build.0 = Release|Any CPU
	EndGlobalSection
	GlobalSection(SolutionProperties) = preSolution
		HideSolutionNode = FALSE
	EndGlobalSection
EndGlobal
